
Microsoft Visual Studio Solution File, Format Version 12.00
# Visual Studio Version 16
VisualStudioVersion = 16.0.31410.357
MinimumVisualStudioVersion = 10.0.40219.1
Project("{2150E333-8FDC-42A3-9474-1A3956D46DE8}") = "Services", "Services", "{ED2CAEE2-229D-458D-AA20-ED0DE5C867EF}"
EndProject
Project("{2150E333-8FDC-42A3-9474-1A3956D46DE8}") = "Catalog", "Catalog", "{7E9CDB0E-4AF5-4931-BA49-07C987919C7D}"
EndProject
Project("{9A19103F-16F7-4668-BE54-9A1E7A4F7556}") = "Catalog.API", "Services\Catalog\Catalog.API\Catalog.API.csproj", "{2EF4D508-998C-4D9A-8ED3-F4E2B9761EE4}"
EndProject
Project("{E53339B2-1760-4266-BCC7-CA923CBCF16C}") = "docker-compose", "docker-compose.dcproj", "{CC8EB4D5-78B3-4D1E-84C2-C2CE032AB3A8}"
EndProject
Project("{2150E333-8FDC-42A3-9474-1A3956D46DE8}") = "Basket", "Basket", "{097A337F-00F3-4737-B7F1-D6E21BECE90C}"
EndProject
Project("{9A19103F-16F7-4668-BE54-9A1E7A4F7556}") = "Basket.API", "Services\Basket\Basket.API\Basket.API.csproj", "{8D3E1ADD-EF41-430F-BD63-D0EB5A261011}"
EndProject
Project("{9A19103F-16F7-4668-BE54-9A1E7A4F7556}") = "Discount.API", "Services\Discount\Discount.API\Discount.API.csproj", "{6FB89936-5BCF-4CD3-BDD2-2E68FFE0BF0D}"
EndProject
Project("{2150E333-8FDC-42A3-9474-1A3956D46DE8}") = "Discount", "Discount", "{7D2B3AA9-B7C9-4036-B42C-525E014DA9E6}"
EndProject
Project("{FAE04EC0-301F-11D3-BF4B-00C04F79EFBC}") = "Discount.Grpc", "Services\Discount\Discount.Grpc\Discount.Grpc.csproj", "{9295AE82-DEAB-492E-9EC6-E057CCE7BFFC}"
EndProject
Global
	GlobalSection(SolutionConfigurationPlatforms) = preSolution
		Debug|Any CPU = Debug|Any CPU
		Release|Any CPU = Release|Any CPU
	EndGlobalSection
	GlobalSection(ProjectConfigurationPlatforms) = postSolution
		{2EF4D508-998C-4D9A-8ED3-F4E2B9761EE4}.Debug|Any CPU.ActiveCfg = Debug|Any CPU
		{2EF4D508-998C-4D9A-8ED3-F4E2B9761EE4}.Debug|Any CPU.Build.0 = Debug|Any CPU
		{2EF4D508-998C-4D9A-8ED3-F4E2B9761EE4}.Release|Any CPU.ActiveCfg = Release|Any CPU
		{2EF4D508-998C-4D9A-8ED3-F4E2B9761EE4}.Release|Any CPU.Build.0 = Release|Any CPU
		{CC8EB4D5-78B3-4D1E-84C2-C2CE032AB3A8}.Debug|Any CPU.ActiveCfg = Debug|Any CPU
		{CC8EB4D5-78B3-4D1E-84C2-C2CE032AB3A8}.Debug|Any CPU.Build.0 = Debug|Any CPU
		{CC8EB4D5-78B3-4D1E-84C2-C2CE032AB3A8}.Release|Any CPU.ActiveCfg = Release|Any CPU
		{CC8EB4D5-78B3-4D1E-84C2-C2CE032AB3A8}.Release|Any CPU.Build.0 = Release|Any CPU
		{8D3E1ADD-EF41-430F-BD63-D0EB5A261011}.Debug|Any CPU.ActiveCfg = Debug|Any CPU
		{8D3E1ADD-EF41-430F-BD63-D0EB5A261011}.Debug|Any CPU.Build.0 = Debug|Any CPU
		{8D3E1ADD-EF41-430F-BD63-D0EB5A261011}.Release|Any CPU.ActiveCfg = Release|Any CPU
		{8D3E1ADD-EF41-430F-BD63-D0EB5A261011}.Release|Any CPU.Build.0 = Release|Any CPU
		{6FB89936-5BCF-4CD3-BDD2-2E68FFE0BF0D}.Debug|Any CPU.ActiveCfg = Debug|Any CPU
		{6FB89936-5BCF-4CD3-BDD2-2E68FFE0BF0D}.Debug|Any CPU.Build.0 = Debug|Any CPU
		{6FB89936-5BCF-4CD3-BDD2-2E68FFE0BF0D}.Release|Any CPU.ActiveCfg = Release|Any CPU
		{6FB89936-5BCF-4CD3-BDD2-2E68FFE0BF0D}.Release|Any CPU.Build.0 = Release|Any CPU
		{9295AE82-DEAB-492E-9EC6-E057CCE7BFFC}.Debug|Any CPU.ActiveCfg = Debug|Any CPU
		{9295AE82-DEAB-492E-9EC6-E057CCE7BFFC}.Debug|Any CPU.Build.0 = Debug|Any CPU
		{9295AE82-DEAB-492E-9EC6-E057CCE7BFFC}.Release|Any CPU.ActiveCfg = Release|Any CPU
		{9295AE82-DEAB-492E-9EC6-E057CCE7BFFC}.Release|Any CPU.Build.0 = Release|Any CPU
	EndGlobalSection
	GlobalSection(SolutionProperties) = preSolution
		HideSolutionNode = FALSE
	EndGlobalSection
	GlobalSection(NestedProjects) = preSolution
		{7E9CDB0E-4AF5-4931-BA49-07C987919C7D} = {ED2CAEE2-229D-458D-AA20-ED0DE5C867EF}
		{2EF4D508-998C-4D9A-8ED3-F4E2B9761EE4} = {7E9CDB0E-4AF5-4931-BA49-07C987919C7D}
		{097A337F-00F3-4737-B7F1-D6E21BECE90C} = {ED2CAEE2-229D-458D-AA20-ED0DE5C867EF}
		{8D3E1ADD-EF41-430F-BD63-D0EB5A261011} = {097A337F-00F3-4737-B7F1-D6E21BECE90C}
		{6FB89936-5BCF-4CD3-BDD2-2E68FFE0BF0D} = {7D2B3AA9-B7C9-4036-B42C-525E014DA9E6}
		{7D2B3AA9-B7C9-4036-B42C-525E014DA9E6} = {ED2CAEE2-229D-458D-AA20-ED0DE5C867EF}
		{9295AE82-DEAB-492E-9EC6-E057CCE7BFFC} = {7D2B3AA9-B7C9-4036-B42C-525E014DA9E6}
	EndGlobalSection
	GlobalSection(ExtensibilityGlobals) = postSolution
		SolutionGuid = {F3AAA5CC-5282-4415-90B8-3DC292274DDC}
	EndGlobalSection
EndGlobal
