
Microsoft Visual Studio Solution File, Format Version 12.00
# Visual Studio Version 16
VisualStudioVersion = 16.0.31410.357
MinimumVisualStudioVersion = 10.0.40219.1
Project("{2150E333-8FDC-42A3-9474-1A3956D46DE8}") = "Services", "Services", "{ED2CAEE2-229D-458D-AA20-ED0DE5C867EF}"
EndProject
Project("{2150E333-8FDC-42A3-9474-1A3956D46DE8}") = "Catalog", "Catalog", "{7E9CDB0E-4AF5-4931-BA49-07C987919C7D}"
EndProject
Project("{9A19103F-16F7-4668-BE54-9A1E7A4F7556}") = "Catalog.API", "Services\Catalog\Catalog.API\Catalog.API.csproj", "{2EF4D508-998C-4D9A-8ED3-F4E2B9761EE4}"
EndProject
Project("{E53339B2-1760-4266-BCC7-CA923CBCF16C}") = "docker-compose", "docker-compose.dcproj", "{CC8EB4D5-78B3-4D1E-84C2-C2CE032AB3A8}"
EndProject
Project("{2150E333-8FDC-42A3-9474-1A3956D46DE8}") = "Basket", "Basket", "{097A337F-00F3-4737-B7F1-D6E21BECE90C}"
EndProject
Project("{9A19103F-16F7-4668-BE54-9A1E7A4F7556}") = "Basket.API", "Services\Basket\Basket.API\Basket.API.csproj", "{8D3E1ADD-EF41-430F-BD63-D0EB5A261011}"
EndProject
Project("{9A19103F-16F7-4668-BE54-9A1E7A4F7556}") = "Discount.API", "Services\Discount\Discount.API\Discount.API.csproj", "{6FB89936-5BCF-4CD3-BDD2-2E68FFE0BF0D}"
EndProject
Project("{2150E333-8FDC-42A3-9474-1A3956D46DE8}") = "Discount", "Discount", "{7D2B3AA9-B7C9-4036-B42C-525E014DA9E6}"
EndProject
Project("{9A19103F-16F7-4668-BE54-9A1E7A4F7556}") = "Discount.Grpc", "Services\Discount\Discount.Grpc\Discount.Grpc.csproj", "{9295AE82-DEAB-492E-9EC6-E057CCE7BFFC}"
EndProject
Project("{2150E333-8FDC-42A3-9474-1A3956D46DE8}") = "Ordering", "Ordering", "{C0D29C00-60FB-41EF-AF0F-3D0094CCADEA}"
EndProject
Project("{9A19103F-16F7-4668-BE54-9A1E7A4F7556}") = "Ordering.API", "Services\Ordering\Ordering.API\Ordering.API.csproj", "{AB142043-2B83-4D56-A269-6F4AB5BC883A}"
EndProject
Project("{9A19103F-16F7-4668-BE54-9A1E7A4F7556}") = "Ordering.Domain", "Services\Ordering\Ordering.Domain\Ordering.Domain.csproj", "{5A1E68EC-CED5-4C07-B60C-B7F6CDC86E52}"
EndProject
Project("{9A19103F-16F7-4668-BE54-9A1E7A4F7556}") = "Ordering.Application", "Services\Ordering\Ordering.Application\Ordering.Application.csproj", "{3FBFD68C-C955-4CCA-B05D-952FB7243D96}"
EndProject
Project("{9A19103F-16F7-4668-BE54-9A1E7A4F7556}") = "Ordering.Infrastructure", "Services\Ordering\Ordering.Infrastructure\Ordering.Infrastructure.csproj", "{3B3AAEB4-9E7C-4BD2-BD18-B49AB8A067BC}"
EndProject
Project("{2150E333-8FDC-42A3-9474-1A3956D46DE8}") = "BuildingBlocks", "BuildingBlocks", "{F4F98FFF-C4E3-4526-A413-959FBE6D7E31}"
EndProject
Project("{9A19103F-16F7-4668-BE54-9A1E7A4F7556}") = "EventBus.Messages", "BuildingBlocks\EventBus.Messages\EventBus.Messages.csproj", "{E045B0C9-41A5-4A49-92AE-0AB9D9192D67}"
EndProject
Project("{2150E333-8FDC-42A3-9474-1A3956D46DE8}") = "ApiGateways", "ApiGateways", "{7FA78AB2-6D24-46F1-A9B5-8B2611BD87BE}"
EndProject
Project("{9A19103F-16F7-4668-BE54-9A1E7A4F7556}") = "OcelotApiGw", "ApiGateways\OcelotApiGw\OcelotApiGw.csproj", "{588A483A-1DAB-40FB-B606-CCFE16401E43}"
EndProject
Project("{9A19103F-16F7-4668-BE54-9A1E7A4F7556}") = "Shopping.Aggregator", "ApiGateways\Shopping.Aggregator\Shopping.Aggregator.csproj", "{B7F22934-9902-47EA-909E-2FDE618061FE}"
EndProject
Project("{2150E333-8FDC-42A3-9474-1A3956D46DE8}") = "WebApps", "WebApps", "{2F763B83-A7DD-4106-A9FD-3ACFCCAA9CD0}"
EndProject
Project("{9A19103F-16F7-4668-BE54-9A1E7A4F7556}") = "AspnetRunBasics", "WebApps\AspnetRunBasics\AspnetRunBasics.csproj", "{F2EBF720-A1BF-437E-81EB-5333F4292D08}"
EndProject
Global
	GlobalSection(SolutionConfigurationPlatforms) = preSolution
		Debug|Any CPU = Debug|Any CPU
		Release|Any CPU = Release|Any CPU
	EndGlobalSection
	GlobalSection(ProjectConfigurationPlatforms) = postSolution
		{2EF4D508-998C-4D9A-8ED3-F4E2B9761EE4}.Debug|Any CPU.ActiveCfg = Debug|Any CPU
		{2EF4D508-998C-4D9A-8ED3-F4E2B9761EE4}.Debug|Any CPU.Build.0 = Debug|Any CPU
		{2EF4D508-998C-4D9A-8ED3-F4E2B9761EE4}.Release|Any CPU.ActiveCfg = Release|Any CPU
		{2EF4D508-998C-4D9A-8ED3-F4E2B9761EE4}.Release|Any CPU.Build.0 = Release|Any CPU
		{CC8EB4D5-78B3-4D1E-84C2-C2CE032AB3A8}.Debug|Any CPU.ActiveCfg = Debug|Any CPU
		{CC8EB4D5-78B3-4D1E-84C2-C2CE032AB3A8}.Debug|Any CPU.Build.0 = Debug|Any CPU
		{CC8EB4D5-78B3-4D1E-84C2-C2CE032AB3A8}.Release|Any CPU.ActiveCfg = Release|Any CPU
		{CC8EB4D5-78B3-4D1E-84C2-C2CE032AB3A8}.Release|Any CPU.Build.0 = Release|Any CPU
		{8D3E1ADD-EF41-430F-BD63-D0EB5A261011}.Debug|Any CPU.ActiveCfg = Debug|Any CPU
		{8D3E1ADD-EF41-430F-BD63-D0EB5A261011}.Debug|Any CPU.Build.0 = Debug|Any CPU
		{8D3E1ADD-EF41-430F-BD63-D0EB5A261011}.Release|Any CPU.ActiveCfg = Release|Any CPU
		{8D3E1ADD-EF41-430F-BD63-D0EB5A261011}.Release|Any CPU.Build.0 = Release|Any CPU
		{6FB89936-5BCF-4CD3-BDD2-2E68FFE0BF0D}.Debug|Any CPU.ActiveCfg = Debug|Any CPU
		{6FB89936-5BCF-4CD3-BDD2-2E68FFE0BF0D}.Debug|Any CPU.Build.0 = Debug|Any CPU
		{6FB89936-5BCF-4CD3-BDD2-2E68FFE0BF0D}.Release|Any CPU.ActiveCfg = Release|Any CPU
		{6FB89936-5BCF-4CD3-BDD2-2E68FFE0BF0D}.Release|Any CPU.Build.0 = Release|Any CPU
		{9295AE82-DEAB-492E-9EC6-E057CCE7BFFC}.Debug|Any CPU.ActiveCfg = Debug|Any CPU
		{9295AE82-DEAB-492E-9EC6-E057CCE7BFFC}.Debug|Any CPU.Build.0 = Debug|Any CPU
		{9295AE82-DEAB-492E-9EC6-E057CCE7BFFC}.Release|Any CPU.ActiveCfg = Release|Any CPU
		{9295AE82-DEAB-492E-9EC6-E057CCE7BFFC}.Release|Any CPU.Build.0 = Release|Any CPU
		{AB142043-2B83-4D56-A269-6F4AB5BC883A}.Debug|Any CPU.ActiveCfg = Debug|Any CPU
		{AB142043-2B83-4D56-A269-6F4AB5BC883A}.Debug|Any CPU.Build.0 = Debug|Any CPU
		{AB142043-2B83-4D56-A269-6F4AB5BC883A}.Release|Any CPU.ActiveCfg = Release|Any CPU
		{AB142043-2B83-4D56-A269-6F4AB5BC883A}.Release|Any CPU.Build.0 = Release|Any CPU
		{5A1E68EC-CED5-4C07-B60C-B7F6CDC86E52}.Debug|Any CPU.ActiveCfg = Debug|Any CPU
		{5A1E68EC-CED5-4C07-B60C-B7F6CDC86E52}.Debug|Any CPU.Build.0 = Debug|Any CPU
		{5A1E68EC-CED5-4C07-B60C-B7F6CDC86E52}.Release|Any CPU.ActiveCfg = Release|Any CPU
		{5A1E68EC-CED5-4C07-B60C-B7F6CDC86E52}.Release|Any CPU.Build.0 = Release|Any CPU
		{3FBFD68C-C955-4CCA-B05D-952FB7243D96}.Debug|Any CPU.ActiveCfg = Debug|Any CPU
		{3FBFD68C-C955-4CCA-B05D-952FB7243D96}.Debug|Any CPU.Build.0 = Debug|Any CPU
		{3FBFD68C-C955-4CCA-B05D-952FB7243D96}.Release|Any CPU.ActiveCfg = Release|Any CPU
		{3FBFD68C-C955-4CCA-B05D-952FB7243D96}.Release|Any CPU.Build.0 = Release|Any CPU
		{3B3AAEB4-9E7C-4BD2-BD18-B49AB8A067BC}.Debug|Any CPU.ActiveCfg = Debug|Any CPU
		{3B3AAEB4-9E7C-4BD2-BD18-B49AB8A067BC}.Debug|Any CPU.Build.0 = Debug|Any CPU
		{3B3AAEB4-9E7C-4BD2-BD18-B49AB8A067BC}.Release|Any CPU.ActiveCfg = Release|Any CPU
		{3B3AAEB4-9E7C-4BD2-BD18-B49AB8A067BC}.Release|Any CPU.Build.0 = Release|Any CPU
		{E045B0C9-41A5-4A49-92AE-0AB9D9192D67}.Debug|Any CPU.ActiveCfg = Debug|Any CPU
		{E045B0C9-41A5-4A49-92AE-0AB9D9192D67}.Debug|Any CPU.Build.0 = Debug|Any CPU
		{E045B0C9-41A5-4A49-92AE-0AB9D9192D67}.Release|Any CPU.ActiveCfg = Release|Any CPU
		{E045B0C9-41A5-4A49-92AE-0AB9D9192D67}.Release|Any CPU.Build.0 = Release|Any CPU
		{588A483A-1DAB-40FB-B606-CCFE16401E43}.Debug|Any CPU.ActiveCfg = Debug|Any CPU
		{588A483A-1DAB-40FB-B606-CCFE16401E43}.Debug|Any CPU.Build.0 = Debug|Any CPU
		{588A483A-1DAB-40FB-B606-CCFE16401E43}.Release|Any CPU.ActiveCfg = Release|Any CPU
		{588A483A-1DAB-40FB-B606-CCFE16401E43}.Release|Any CPU.Build.0 = Release|Any CPU
		{B7F22934-9902-47EA-909E-2FDE618061FE}.Debug|Any CPU.ActiveCfg = Debug|Any CPU
		{B7F22934-9902-47EA-909E-2FDE618061FE}.Debug|Any CPU.Build.0 = Debug|Any CPU
		{B7F22934-9902-47EA-909E-2FDE618061FE}.Release|Any CPU.ActiveCfg = Release|Any CPU
		{B7F22934-9902-47EA-909E-2FDE618061FE}.Release|Any CPU.Build.0 = Release|Any CPU
		{F2EBF720-A1BF-437E-81EB-5333F4292D08}.Debug|Any CPU.ActiveCfg = Debug|Any CPU
		{F2EBF720-A1BF-437E-81EB-5333F4292D08}.Debug|Any CPU.Build.0 = Debug|Any CPU
		{F2EBF720-A1BF-437E-81EB-5333F4292D08}.Release|Any CPU.ActiveCfg = Release|Any CPU
		{F2EBF720-A1BF-437E-81EB-5333F4292D08}.Release|Any CPU.Build.0 = Release|Any CPU
	EndGlobalSection
	GlobalSection(SolutionProperties) = preSolution
		HideSolutionNode = FALSE
	EndGlobalSection
	GlobalSection(NestedProjects) = preSolution
		{7E9CDB0E-4AF5-4931-BA49-07C987919C7D} = {ED2CAEE2-229D-458D-AA20-ED0DE5C867EF}
		{2EF4D508-998C-4D9A-8ED3-F4E2B9761EE4} = {7E9CDB0E-4AF5-4931-BA49-07C987919C7D}
		{097A337F-00F3-4737-B7F1-D6E21BECE90C} = {ED2CAEE2-229D-458D-AA20-ED0DE5C867EF}
		{8D3E1ADD-EF41-430F-BD63-D0EB5A261011} = {097A337F-00F3-4737-B7F1-D6E21BECE90C}
		{6FB89936-5BCF-4CD3-BDD2-2E68FFE0BF0D} = {7D2B3AA9-B7C9-4036-B42C-525E014DA9E6}
		{7D2B3AA9-B7C9-4036-B42C-525E014DA9E6} = {ED2CAEE2-229D-458D-AA20-ED0DE5C867EF}
		{9295AE82-DEAB-492E-9EC6-E057CCE7BFFC} = {7D2B3AA9-B7C9-4036-B42C-525E014DA9E6}
		{C0D29C00-60FB-41EF-AF0F-3D0094CCADEA} = {ED2CAEE2-229D-458D-AA20-ED0DE5C867EF}
		{AB142043-2B83-4D56-A269-6F4AB5BC883A} = {C0D29C00-60FB-41EF-AF0F-3D0094CCADEA}
		{5A1E68EC-CED5-4C07-B60C-B7F6CDC86E52} = {C0D29C00-60FB-41EF-AF0F-3D0094CCADEA}
		{3FBFD68C-C955-4CCA-B05D-952FB7243D96} = {C0D29C00-60FB-41EF-AF0F-3D0094CCADEA}
		{3B3AAEB4-9E7C-4BD2-BD18-B49AB8A067BC} = {C0D29C00-60FB-41EF-AF0F-3D0094CCADEA}
		{E045B0C9-41A5-4A49-92AE-0AB9D9192D67} = {F4F98FFF-C4E3-4526-A413-959FBE6D7E31}
		{588A483A-1DAB-40FB-B606-CCFE16401E43} = {7FA78AB2-6D24-46F1-A9B5-8B2611BD87BE}
		{B7F22934-9902-47EA-909E-2FDE618061FE} = {7FA78AB2-6D24-46F1-A9B5-8B2611BD87BE}
		{F2EBF720-A1BF-437E-81EB-5333F4292D08} = {2F763B83-A7DD-4106-A9FD-3ACFCCAA9CD0}
	EndGlobalSection
	GlobalSection(ExtensibilityGlobals) = postSolution
		SolutionGuid = {F3AAA5CC-5282-4415-90B8-3DC292274DDC}
	EndGlobalSection
EndGlobal
